// !$*UTF8*$!
{
	archiveVersion = 1;
	classes = {
	};
	objectVersion = 77;
	objects = {

/* Begin PBXContainerItemProxy section */
		132C25A62E68CF8B0037B80A /* PBXContainerItemProxy */ = {
			isa = PBXContainerItemProxy;
			containerPortal = 132C25872E68CF890037B80A /* Project object */;
			proxyType = 1;
			remoteGlobalIDString = 132C258E2E68CF890037B80A;
			remoteInfo = PayUp;
		};
		132C25B02E68CF8B0037B80A /* PBXContainerItemProxy */ = {
			isa = PBXContainerItemProxy;
			containerPortal = 132C25872E68CF890037B80A /* Project object */;
			proxyType = 1;
			remoteGlobalIDString = 132C258E2E68CF890037B80A;
			remoteInfo = PayUp;
		};
/* End PBXContainerItemProxy section */

/* Begin PBXFileReference section */
		132C258F2E68CF890037B80A /* PayUp.app */ = {isa = PBXFileReference; explicitFileType = wrapper.application; includeInIndex = 0; path = PayUp.app; sourceTree = BUILT_PRODUCTS_DIR; };
		132C25A52E68CF8B0037B80A /* PayUpTests.xctest */ = {isa = PBXFileReference; explicitFileType = wrapper.cfbundle; includeInIndex = 0; path = PayUpTests.xctest; sourceTree = BUILT_PRODUCTS_DIR; };
		132C25AF2E68CF8B0037B80A /* PayUpUITests.xctest */ = {isa = PBXFileReference; explicitFileType = wrapper.cfbundle; includeInIndex = 0; path = PayUpUITests.xctest; sourceTree = BUILT_PRODUCTS_DIR; };
/* End PBXFileReference section */

/* Begin PBXFileSystemSynchronizedBuildFileExceptionSet section */
		132C25B72E68CF8B0037B80A /* Exceptions for "PayUp" folder in "PayUp" target */ = {
			isa = PBXFileSystemSynchronizedBuildFileExceptionSet;
			membershipExceptions = (
				Info.plist,
				"Sources/Core/Extensions/UIView+Ext.swift",
			);
			target = 132C258E2E68CF890037B80A /* PayUp */;
		};
/* End PBXFileSystemSynchronizedBuildFileExceptionSet section */

/* Begin PBXFileSystemSynchronizedGroupBuildPhaseMembershipExceptionSet section */
		13DD0EE22E68EE86002EA585 /* Exceptions for "PayUp" folder in "Copy Bundle Resources" phase from "PayUp" target */ = {
			isa = PBXFileSystemSynchronizedGroupBuildPhaseMembershipExceptionSet;
			buildPhase = 132C258D2E68CF890037B80A /* Resources */;
			membershipExceptions = (
				"Sources/Core/Extensions/UIView+Ext.swift",
			);
		};
/* End PBXFileSystemSynchronizedGroupBuildPhaseMembershipExceptionSet section */

/* Begin PBXFileSystemSynchronizedRootGroup section */
		132C25912E68CF890037B80A /* PayUp */ = {
			isa = PBXFileSystemSynchronizedRootGroup;
			exceptions = (
				132C25B72E68CF8B0037B80A /* Exceptions for "PayUp" folder in "PayUp" target */,
				13DD0EE22E68EE86002EA585 /* Exceptions for "PayUp" folder in "Copy Bundle Resources" phase from "PayUp" target */,
			);
			path = PayUp;
			sourceTree = "<group>";
		};
		132C25A82E68CF8B0037B80A /* PayUpTests */ = {
			isa = PBXFileSystemSynchronizedRootGroup;
			path = PayUpTests;
			sourceTree = "<group>";
		};
		132C25B22E68CF8B0037B80A /* PayUpUITests */ = {
			isa = PBXFileSystemSynchronizedRootGroup;
			path = PayUpUITests;
			sourceTree = "<group>";
		};
/* End PBXFileSystemSynchronizedRootGroup section */

/* Begin PBXFrameworksBuildPhase section */
		132C258C2E68CF890037B80A /* Frameworks */ = {
			isa = PBXFrameworksBuildPhase;
			buildActionMask = 2147483647;
			files = (
			);
			runOnlyForDeploymentPostprocessing = 0;
		};
		132C25A22E68CF8B0037B80A /* Frameworks */ = {
			isa = PBXFrameworksBuildPhase;
			buildActionMask = 2147483647;
			files = (
			);
			runOnlyForDeploymentPostprocessing = 0;
		};
		132C25AC2E68CF8B0037B80A /* Frameworks */ = {
			isa = PBXFrameworksBuildPhase;
			buildActionMask = 2147483647;
			files = (
			);
			runOnlyForDeploymentPostprocessing = 0;
		};
/* End PBXFrameworksBuildPhase section */

/* Begin PBXGroup section */
		132C25862E68CF890037B80A = {
			isa = PBXGroup;
			children = (
				132C25912E68CF890037B80A /* PayUp */,
				132C25A82E68CF8B0037B80A /* PayUpTests */,
				132C25B22E68CF8B0037B80A /* PayUpUITests */,
				132C25902E68CF890037B80A /* Products */,
			);
			sourceTree = "<group>";
		};
		132C25902E68CF890037B80A /* Products */ = {
			isa = PBXGroup;
			children = (
				132C258F2E68CF890037B80A /* PayUp.app */,
				132C25A52E68CF8B0037B80A /* PayUpTests.xctest */,
				132C25AF2E68CF8B0037B80A /* PayUpUITests.xctest */,
			);
			name = Products;
			sourceTree = "<group>";
		};
/* End PBXGroup section */

/* Begin PBXNativeTarget section */
		132C258E2E68CF890037B80A /* PayUp */ = {
			isa = PBXNativeTarget;
			buildConfigurationList = 132C25B82E68CF8B0037B80A /* Build configuration list for PBXNativeTarget "PayUp" */;
			buildPhases = (
				132C258B2E68CF890037B80A /* Sources */,
				132C258C2E68CF890037B80A /* Frameworks */,
				132C258D2E68CF890037B80A /* Resources */,
			);
			buildRules = (
			);
			dependencies = (
			);
			fileSystemSynchronizedGroups = (
				132C25912E68CF890037B80A /* PayUp */,
			);
			name = PayUp;
			packageProductDependencies = (
			);
			productName = PayUp;
			productReference = 132C258F2E68CF890037B80A /* PayUp.app */;
			productType = "com.apple.product-type.application";
		};
		132C25A42E68CF8B0037B80A /* PayUpTests */ = {
			isa = PBXNativeTarget;
			buildConfigurationList = 132C25BD2E68CF8B0037B80A /* Build configuration list for PBXNativeTarget "PayUpTests" */;
			buildPhases = (
				132C25A12E68CF8B0037B80A /* Sources */,
				132C25A22E68CF8B0037B80A /* Frameworks */,
				132C25A32E68CF8B0037B80A /* Resources */,
			);
			buildRules = (
			);
			dependencies = (
				132C25A72E68CF8B0037B80A /* PBXTargetDependency */,
			);
			fileSystemSynchronizedGroups = (
				132C25A82E68CF8B0037B80A /* PayUpTests */,
			);
			name = PayUpTests;
			packageProductDependencies = (
			);
			productName = PayUpTests;
			productReference = 132C25A52E68CF8B0037B80A /* PayUpTests.xctest */;
			productType = "com.apple.product-type.bundle.unit-test";
		};
		132C25AE2E68CF8B0037B80A /* PayUpUITests */ = {
			isa = PBXNativeTarget;
			buildConfigurationList = 132C25C02E68CF8B0037B80A /* Build configuration list for PBXNativeTarget "PayUpUITests" */;
			buildPhases = (
				132C25AB2E68CF8B0037B80A /* Sources */,
				132C25AC2E68CF8B0037B80A /* Frameworks */,
				132C25AD2E68CF8B0037B80A /* Resources */,
			);
			buildRules = (
			);
			dependencies = (
				132C25B12E68CF8B0037B80A /* PBXTargetDependency */,
			);
			fileSystemSynchronizedGroups = (
				132C25B22E68CF8B0037B80A /* PayUpUITests */,
			);
			name = PayUpUITests;
			packageProductDependencies = (
			);
			productName = PayUpUITests;
			productReference = 132C25AF2E68CF8B0037B80A /* PayUpUITests.xctest */;
			productType = "com.apple.product-type.bundle.ui-testing";
		};
/* End PBXNativeTarget section */

/* Begin PBXProject section */
		132C25872E68CF890037B80A /* Project object */ = {
			isa = PBXProject;
			attributes = {
				BuildIndependentTargetsInParallel = 1;
				LastSwiftUpdateCheck = 1620;
				LastUpgradeCheck = 1620;
				TargetAttributes = {
					132C258E2E68CF890037B80A = {
						CreatedOnToolsVersion = 16.2;
					};
					132C25A42E68CF8B0037B80A = {
						CreatedOnToolsVersion = 16.2;
						TestTargetID = 132C258E2E68CF890037B80A;
					};
					132C25AE2E68CF8B0037B80A = {
						CreatedOnToolsVersion = 16.2;
						TestTargetID = 132C258E2E68CF890037B80A;
					};
				};
			};
			buildConfigurationList = 132C258A2E68CF890037B80A /* Build configuration list for PBXProject "PayUp" */;
			developmentRegion = en;
			hasScannedForEncodings = 0;
			knownRegions = (
				en,
				Base,
			);
			mainGroup = 132C25862E68CF890037B80A;
			minimizedProjectReferenceProxies = 1;
			preferredProjectObjectVersion = 77;
			productRefGroup = 132C25902E68CF890037B80A /* Products */;
			projectDirPath = "";
			projectRoot = "";
			targets = (
				132C258E2E68CF890037B80A /* PayUp */,
				132C25A42E68CF8B0037B80A /* PayUpTests */,
				132C25AE2E68CF8B0037B80A /* PayUpUITests */,
			);
		};
/* End PBXProject section */

/* Begin PBXResourcesBuildPhase section */
		132C258D2E68CF890037B80A /* Resources */ = {
			isa = PBXResourcesBuildPhase;
			buildActionMask = 2147483647;
			files = (
			);
			runOnlyForDeploymentPostprocessing = 0;
		};
		132C25A32E68CF8B0037B80A /* Resources */ = {
			isa = PBXResourcesBuildPhase;
			buildActionMask = 2147483647;
			files = (
			);
			runOnlyForDeploymentPostprocessing = 0;
		};
		132C25AD2E68CF8B0037B80A /* Resources */ = {
			isa = PBXResourcesBuildPhase;
			buildActionMask = 2147483647;
			files = (
			);
			runOnlyForDeploymentPostprocessing = 0;
		};
/* End PBXResourcesBuildPhase section */

/* Begin PBXSourcesBuildPhase section */
		132C258B2E68CF890037B80A /* Sources */ = {
			isa = PBXSourcesBuildPhase;
			buildActionMask = 2147483647;
			files = (
			);
			runOnlyForDeploymentPostprocessing = 0;
		};
		132C25A12E68CF8B0037B80A /* Sources */ = {
			isa = PBXSourcesBuildPhase;
			buildActionMask = 2147483647;
			files = (
			);
			runOnlyForDeploymentPostprocessing = 0;
		};
		132C25AB2E68CF8B0037B80A /* Sources */ = {
			isa = PBXSourcesBuildPhase;
			buildActionMask = 2147483647;
			files = (
			);
			runOnlyForDeploymentPostprocessing = 0;
		};
/* End PBXSourcesBuildPhase section */

/* Begin PBXTargetDependency section */
		132C25A72E68CF8B0037B80A /* PBXTargetDependency */ = {
			isa = PBXTargetDependency;
			target = 132C258E2E68CF890037B80A /* PayUp */;
			targetProxy = 132C25A62E68CF8B0037B80A /* PBXContainerItemProxy */;
		};
		132C25B12E68CF8B0037B80A /* PBXTargetDependency */ = {
			isa = PBXTargetDependency;
			target = 132C258E2E68CF890037B80A /* PayUp */;
			targetProxy = 132C25B02E68CF8B0037B80A /* PBXContainerItemProxy */;
		};
/* End PBXTargetDependency section */

/* Begin XCBuildConfiguration section */
		132C25B92E68CF8B0037B80A /* Debug */ = {
			isa = XCBuildConfiguration;
			buildSettings = {
				ASSETCATALOG_COMPILER_APPICON_NAME = AppIcon;
				ASSETCATALOG_COMPILER_GLOBAL_ACCENT_COLOR_NAME = AccentColor;
				CODE_SIGN_STYLE = Automatic;
				CURRENT_PROJECT_VERSION = 1;
				DEVELOPMENT_TEAM = VK7UVMLX8D;
				GENERATE_INFOPLIST_FILE = YES;
				INFOPLIST_FILE = PayUp/Info.plist;
				INFOPLIST_KEY_UIApplicationSupportsIndirectInputEvents = YES;
				INFOPLIST_KEY_UILaunchStoryboardName = SplashViewController;
				INFOPLIST_KEY_UISupportedInterfaceOrientations_iPad = "UIInterfaceOrientationPortrait UIInterfaceOrientationPortraitUpsideDown UIInterfaceOrientationLandscapeLeft UIInterfaceOrientationLandscapeRight";
				INFOPLIST_KEY_UISupportedInterfaceOrientations_iPhone = "UIInterfaceOrientationPortrait UIInterfaceOrientationLandscapeLeft UIInterfaceOrientationLandscapeRight";
				LD_RUNPATH_SEARCH_PATHS = (
					"$(inherited)",
					"@executable_path/Frameworks",
				);
				MARKETING_VERSION = 1.0;
				PRODUCT_BUNDLE_IDENTIFIER = com.lacerda.PayUp;
				PRODUCT_NAME = "$(TARGET_NAME)";
				SWIFT_EMIT_LOC_STRINGS = YES;
				SWIFT_VERSION = 5.0;
				TARGETED_DEVICE_FAMILY = "1,2";
			};
			name = Debug;
		};
		132C25BA2E68CF8B0037B80A /* Release */ = {
			isa = XCBuildConfiguration;
			buildSettings = {
				ASSETCATALOG_COMPILER_APPICON_NAME = AppIcon;
				ASSETCATALOG_COMPILER_GLOBAL_ACCENT_COLOR_NAME = AccentColor;
				CODE_SIGN_STYLE = Automatic;
				CURRENT_PROJECT_VERSION = 1;
				DEVELOPMENT_TEAM = VK7UVMLX8D;
				GENERATE_INFOPLIST_FILE = YES;
				INFOPLIST_FILE = PayUp/Info.plist;
				INFOPLIST_KEY_UIApplicationSupportsIndirectInputEvents = YES;
				INFOPLIST_KEY_UILaunchStoryboardName = SplashViewController;
				INFOPLIST_KEY_UISupportedInterfaceOrientations_iPad = "UIInterfaceOrientationPortrait UIInterfaceOrientationPortraitUpsideDown UIInterfaceOrientationLandscapeLeft UIInterfaceOrientationLandscapeRight";
				INFOPLIST_KEY_UISupportedInterfaceOrientations_iPhone = "UIInterfaceOrientationPortrait UIInterfaceOrientationLandscapeLeft UIInterfaceOrientationLandscapeRight";
				LD_RUNPATH_SEARCH_PATHS = (
					"$(inherited)",
					"@executable_path/Frameworks",
				);
				MARKETING_VERSION = 1.0;
				PRODUCT_BUNDLE_IDENTIFIER = com.lacerda.PayUp;
				PRODUCT_NAME = "$(TARGET_NAME)";
				SWIFT_EMIT_LOC_STRINGS = YES;
				SWIFT_VERSION = 5.0;
				TARGETED_DEVICE_FAMILY = "1,2";
			};
			name = Release;
		};
		132C25BB2E68CF8B0037B80A /* Debug */ = {
			isa = XCBuildConfiguration;
			buildSettings = {
				ALWAYS_SEARCH_USER_PATHS = NO;
				ASSETCATALOG_COMPILER_GENERATE_SWIFT_ASSET_SYMBOL_EXTENSIONS = YES;
				CLANG_ANALYZER_NONNULL = YES;
				CLANG_ANALYZER_NUMBER_OBJECT_CONVERSION = YES_AGGRESSIVE;
				CLANG_CXX_LANGUAGE_STANDARD = "gnu++20";
				CLANG_ENABLE_MODULES = YES;
				CLANG_ENABLE_OBJC_ARC = YES;
				CLANG_ENABLE_OBJC_WEAK = YES;
				CLANG_WARN_BLOCK_CAPTURE_AUTORELEASING = YES;
				CLANG_WARN_BOOL_CONVERSION = YES;
				CLANG_WARN_COMMA = YES;
				CLANG_WARN_CONSTANT_CONVERSION = YES;
				CLANG_WARN_DEPRECATED_OBJC_IMPLEMENTATIONS = YES;
				CLANG_WARN_DIRECT_OBJC_ISA_USAGE = YES_ERROR;
				CLANG_WARN_DOCUMENTATION_COMMENTS = YES;
				CLANG_WARN_EMPTY_BODY = YES;
				CLANG_WARN_ENUM_CONVERSION = YES;
				CLANG_WARN_INFINITE_RECURSION = YES;
				CLANG_WARN_INT_CONVERSION = YES;
				CLANG_WARN_NON_LITERAL_NULL_CONVERSION = YES;
				CLANG_WARN_OBJC_IMPLICIT_RETAIN_SELF = YES;
				CLANG_WARN_OBJC_LITERAL_CONVERSION = YES;
				CLANG_WARN_OBJC_ROOT_CLASS = YES_ERROR;
				CLANG_WARN_QUOTED_INCLUDE_IN_FRAMEWORK_HEADER = YES;
				CLANG_WARN_RANGE_LOOP_ANALYSIS = YES;
				CLANG_WARN_STRICT_PROTOTYPES = YES;
				CLANG_WARN_SUSPICIOUS_MOVE = YES;
				CLANG_WARN_UNGUARDED_AVAILABILITY = YES_AGGRESSIVE;
				CLANG_WARN_UNREACHABLE_CODE = YES;
				CLANG_WARN__DUPLICATE_METHOD_MATCH = YES;
				COPY_PHASE_STRIP = NO;
				DEBUG_INFORMATION_FORMAT = dwarf;
				ENABLE_STRICT_OBJC_MSGSEND = YES;
				ENABLE_TESTABILITY = YES;
				ENABLE_USER_SCRIPT_SANDBOXING = YES;
				GCC_C_LANGUAGE_STANDARD = gnu17;
				GCC_DYNAMIC_NO_PIC = NO;
				GCC_NO_COMMON_BLOCKS = YES;
				GCC_OPTIMIZATION_LEVEL = 0;
				GCC_PREPROCESSOR_DEFINITIONS = (
					"DEBUG=1",
					"$(inherited)",
				);
				GCC_WARN_64_TO_32_BIT_CONVERSION = YES;
				GCC_WARN_ABOUT_RETURN_TYPE = YES_ERROR;
				GCC_WARN_UNDECLARED_SELECTOR = YES;
				GCC_WARN_UNINITIALIZED_AUTOS = YES_AGGRESSIVE;
				GCC_WARN_UNUSED_FUNCTION = YES;
				GCC_WARN_UNUSED_VARIABLE = YES;
				IPHONEOS_DEPLOYMENT_TARGET = 18.2;
				LOCALIZATION_PREFERS_STRING_CATALOGS = YES;
				MTL_ENABLE_DEBUG_INFO = INCLUDE_SOURCE;
				MTL_FAST_MATH = YES;
				ONLY_ACTIVE_ARCH = YES;
				SDKROOT = iphoneos;
				SWIFT_ACTIVE_COMPILATION_CONDITIONS = "DEBUG $(inherited)";
				SWIFT_OPTIMIZATION_LEVEL = "-Onone";
			};
			name = Debug;
		};
		132C25BC2E68CF8B0037B80A /* Release */ = {
			isa = XCBuildConfiguration;
			buildSettings = {
				ALWAYS_SEARCH_USER_PATHS = NO;
				ASSETCATALOG_COMPILER_GENERATE_SWIFT_ASSET_SYMBOL_EXTENSIONS = YES;
				CLANG_ANALYZER_NONNULL = YES;
				CLANG_ANALYZER_NUMBER_OBJECT_CONVERSION = YES_AGGRESSIVE;
				CLANG_CXX_LANGUAGE_STANDARD = "gnu++20";
				CLANG_ENABLE_MODULES = YES;
				CLANG_ENABLE_OBJC_ARC = YES;
				CLANG_ENABLE_OBJC_WEAK = YES;
				CLANG_WARN_BLOCK_CAPTURE_AUTORELEASING = YES;
				CLANG_WARN_BOOL_CONVERSION = YES;
				CLANG_WARN_COMMA = YES;
				CLANG_WARN_CONSTANT_CONVERSION = YES;
				CLANG_WARN_DEPRECATED_OBJC_IMPLEMENTATIONS = YES;
				CLANG_WARN_DIRECT_OBJC_ISA_USAGE = YES_ERROR;
				CLANG_WARN_DOCUMENTATION_COMMENTS = YES;
				CLANG_WARN_EMPTY_BODY = YES;
				CLANG_WARN_ENUM_CONVERSION = YES;
				CLANG_WARN_INFINITE_RECURSION = YES;
				CLANG_WARN_INT_CONVERSION = YES;
				CLANG_WARN_NON_LITERAL_NULL_CONVERSION = YES;
				CLANG_WARN_OBJC_IMPLICIT_RETAIN_SELF = YES;
				CLANG_WARN_OBJC_LITERAL_CONVERSION = YES;
				CLANG_WARN_OBJC_ROOT_CLASS = YES_ERROR;
				CLANG_WARN_QUOTED_INCLUDE_IN_FRAMEWORK_HEADER = YES;
				CLANG_WARN_RANGE_LOOP_ANALYSIS = YES;
				CLANG_WARN_STRICT_PROTOTYPES = YES;
				CLANG_WARN_SUSPICIOUS_MOVE = YES;
				CLANG_WARN_UNGUARDED_AVAILABILITY = YES_AGGRESSIVE;
				CLANG_WARN_UNREACHABLE_CODE = YES;
				CLANG_WARN__DUPLICATE_METHOD_MATCH = YES;
				COPY_PHASE_STRIP = NO;
				DEBUG_INFORMATION_FORMAT = "dwarf-with-dsym";
				ENABLE_NS_ASSERTIONS = NO;
				ENABLE_STRICT_OBJC_MSGSEND = YES;
				ENABLE_USER_SCRIPT_SANDBOXING = YES;
				GCC_C_LANGUAGE_STANDARD = gnu17;
				GCC_NO_COMMON_BLOCKS = YES;
				GCC_WARN_64_TO_32_BIT_CONVERSION = YES;
				GCC_WARN_ABOUT_RETURN_TYPE = YES_ERROR;
				GCC_WARN_UNDECLARED_SELECTOR = YES;
				GCC_WARN_UNINITIALIZED_AUTOS = YES_AGGRESSIVE;
				GCC_WARN_UNUSED_FUNCTION = YES;
				GCC_WARN_UNUSED_VARIABLE = YES;
				IPHONEOS_DEPLOYMENT_TARGET = 18.2;
				LOCALIZATION_PREFERS_STRING_CATALOGS = YES;
				MTL_ENABLE_DEBUG_INFO = NO;
				MTL_FAST_MATH = YES;
				SDKROOT = iphoneos;
				SWIFT_COMPILATION_MODE = wholemodule;
				VALIDATE_PRODUCT = YES;
			};
			name = Release;
		};
		132C25BE2E68CF8B0037B80A /* Debug */ = {
			isa = XCBuildConfiguration;
			buildSettings = {
				BUNDLE_LOADER = "$(TEST_HOST)";
				CODE_SIGN_STYLE = Automatic;
				CURRENT_PROJECT_VERSION = 1;
				DEVELOPMENT_TEAM = VK7UVMLX8D;
				GENERATE_INFOPLIST_FILE = YES;
				IPHONEOS_DEPLOYMENT_TARGET = 18.2;
				MARKETING_VERSION = 1.0;
				PRODUCT_BUNDLE_IDENTIFIER = com.lacerda.PayUpTests;
				PRODUCT_NAME = "$(TARGET_NAME)";
				SWIFT_EMIT_LOC_STRINGS = NO;
				SWIFT_VERSION = 5.0;
				TARGETED_DEVICE_FAMILY = "1,2";
				TEST_HOST = "$(BUILT_PRODUCTS_DIR)/PayUp.app/$(BUNDLE_EXECUTABLE_FOLDER_PATH)/PayUp";
			};
			name = Debug;
		};
		132C25BF2E68CF8B0037B80A /* Release */ = {
			isa = XCBuildConfiguration;
			buildSettings = {
				BUNDLE_LOADER = "$(TEST_HOST)";
				CODE_SIGN_STYLE = Automatic;
				CURRENT_PROJECT_VERSION = 1;
				DEVELOPMENT_TEAM = VK7UVMLX8D;
				GENERATE_INFOPLIST_FILE = YES;
				IPHONEOS_DEPLOYMENT_TARGET = 18.2;
				MARKETING_VERSION = 1.0;
				PRODUCT_BUNDLE_IDENTIFIER = com.lacerda.PayUpTests;
				PRODUCT_NAME = "$(TARGET_NAME)";
				SWIFT_EMIT_LOC_STRINGS = NO;
				SWIFT_VERSION = 5.0;
				TARGETED_DEVICE_FAMILY = "1,2";
				TEST_HOST = "$(BUILT_PRODUCTS_DIR)/PayUp.app/$(BUNDLE_EXECUTABLE_FOLDER_PATH)/PayUp";
			};
			name = Release;
		};
		132C25C12E68CF8B0037B80A /* Debug */ = {
			isa = XCBuildConfiguration;
			buildSettings = {
				CODE_SIGN_STYLE = Automatic;
				CURRENT_PROJECT_VERSION = 1;
				DEVELOPMENT_TEAM = VK7UVMLX8D;
				GENERATE_INFOPLIST_FILE = YES;
				MARKETING_VERSION = 1.0;
				PRODUCT_BUNDLE_IDENTIFIER = com.lacerda.PayUpUITests;
				PRODUCT_NAME = "$(TARGET_NAME)";
				SWIFT_EMIT_LOC_STRINGS = NO;
				SWIFT_VERSION = 5.0;
				TARGETED_DEVICE_FAMILY = "1,2";
				TEST_TARGET_NAME = PayUp;
			};
			name = Debug;
		};
		132C25C22E68CF8B0037B80A /* Release */ = {
			isa = XCBuildConfiguration;
			buildSettings = {
				CODE_SIGN_STYLE = Automatic;
				CURRENT_PROJECT_VERSION = 1;
				DEVELOPMENT_TEAM = VK7UVMLX8D;
				GENERATE_INFOPLIST_FILE = YES;
				MARKETING_VERSION = 1.0;
				PRODUCT_BUNDLE_IDENTIFIER = com.lacerda.PayUpUITests;
				PRODUCT_NAME = "$(TARGET_NAME)";
				SWIFT_EMIT_LOC_STRINGS = NO;
				SWIFT_VERSION = 5.0;
				TARGETED_DEVICE_FAMILY = "1,2";
				TEST_TARGET_NAME = PayUp;
			};
			name = Release;
		};
/* End XCBuildConfiguration section */

/* Begin XCConfigurationList section */
		132C258A2E68CF890037B80A /* Build configuration list for PBXProject "PayUp" */ = {
			isa = XCConfigurationList;
			buildConfigurations = (
				132C25BB2E68CF8B0037B80A /* Debug */,
				132C25BC2E68CF8B0037B80A /* Release */,
			);
			defaultConfigurationIsVisible = 0;
			defaultConfigurationName = Release;
		};
		132C25B82E68CF8B0037B80A /* Build configuration list for PBXNativeTarget "PayUp" */ = {
			isa = XCConfigurationList;
			buildConfigurations = (
				132C25B92E68CF8B0037B80A /* Debug */,
				132C25BA2E68CF8B0037B80A /* Release */,
			);
			defaultConfigurationIsVisible = 0;
			defaultConfigurationName = Release;
		};
		132C25BD2E68CF8B0037B80A /* Build configuration list for PBXNativeTarget "PayUpTests" */ = {
			isa = XCConfigurationList;
			buildConfigurations = (
				132C25BE2E68CF8B0037B80A /* Debug */,
				132C25BF2E68CF8B0037B80A /* Release */,
			);
			defaultConfigurationIsVisible = 0;
			defaultConfigurationName = Release;
		};
		132C25C02E68CF8B0037B80A /* Build configuration list for PBXNativeTarget "PayUpUITests" */ = {
			isa = XCConfigurationList;
			buildConfigurations = (
				132C25C12E68CF8B0037B80A /* Debug */,
				132C25C22E68CF8B0037B80A /* Release */,
			);
			defaultConfigurationIsVisible = 0;
			defaultConfigurationName = Release;
		};
/* End XCConfigurationList section */
	};
	rootObject = 132C25872E68CF890037B80A /* Project object */;
}
